
Microsoft Visual Studio Solution File, Format Version 12.00
# Visual Studio Version 16
VisualStudioVersion = 16.0.809.8
MinimumVisualStudioVersion = 10.0.40219.1
Project("{FAE04EC0-301F-11D3-BF4B-00C04F79EFBC}") = "Org.Quickstart.API", "Org.Quickstart.API\Org.Quickstart.API.csproj", "{7F8AE826-B2BE-433F-85D2-A9BD378CA46D}"
EndProject
Project("{2150E333-8FDC-42A3-9474-1A3956D46DE8}") = "Tests", "Tests", "{B1D00F15-0030-4E03-B23C-D980D30E8E1D}"
EndProject
Project("{FAE04EC0-301F-11D3-BF4B-00C04F79EFBC}") = "Org.Quickstart.IntegrationTests", "tests\Org.Quickstart.IntegrationTests\Org.Quickstart.IntegrationTests.csproj", "{0A7FDC18-5244-4A00-AAB8-2B5539282087}"
EndProject
Global
	GlobalSection(SolutionConfigurationPlatforms) = preSolution
		Debug|Any CPU = Debug|Any CPU
		Release|Any CPU = Release|Any CPU
	EndGlobalSection
	GlobalSection(ProjectConfigurationPlatforms) = postSolution
		{7F8AE826-B2BE-433F-85D2-A9BD378CA46D}.Debug|Any CPU.ActiveCfg = Debug|Any CPU
		{7F8AE826-B2BE-433F-85D2-A9BD378CA46D}.Debug|Any CPU.Build.0 = Debug|Any CPU
		{7F8AE826-B2BE-433F-85D2-A9BD378CA46D}.Release|Any CPU.ActiveCfg = Release|Any CPU
		{7F8AE826-B2BE-433F-85D2-A9BD378CA46D}.Release|Any CPU.Build.0 = Release|Any CPU
		{0A7FDC18-5244-4A00-AAB8-2B5539282087}.Debug|Any CPU.ActiveCfg = Debug|Any CPU
		{0A7FDC18-5244-4A00-AAB8-2B5539282087}.Debug|Any CPU.Build.0 = Debug|Any CPU
		{0A7FDC18-5244-4A00-AAB8-2B5539282087}.Release|Any CPU.ActiveCfg = Release|Any CPU
		{0A7FDC18-5244-4A00-AAB8-2B5539282087}.Release|Any CPU.Build.0 = Release|Any CPU
	EndGlobalSection
	GlobalSection(SolutionProperties) = preSolution
		HideSolutionNode = FALSE
	EndGlobalSection
	GlobalSection(ExtensibilityGlobals) = postSolution
		SolutionGuid = {1C5822C3-82C1-4257-9927-E622D1D50360}
	EndGlobalSection
	GlobalSection(NestedProjects) = preSolution
		{0A7FDC18-5244-4A00-AAB8-2B5539282087} = {B1D00F15-0030-4E03-B23C-D980D30E8E1D}
	EndGlobalSection
EndGlobal
