
Microsoft Visual Studio Solution File, Format Version 12.00
# Visual Studio Version 16
VisualStudioVersion = 16.0.809.8
MinimumVisualStudioVersion = 10.0.40219.1
Project("{2150E333-8FDC-42A3-9474-1A3956D46DE8}") = "Tests", "Tests", "{B1D00F15-0030-4E03-B23C-D980D30E8E1D}"
EndProject
Project("{FAE04EC0-301F-11D3-BF4B-00C04F79EFBC}") = "Org.Quickstart.API", "Org.Quickstart.API\Org.Quickstart.API.csproj", "{45A40D92-F80D-46E2-8144-4C313A7352E3}"
EndProject
Project("{FAE04EC0-301F-11D3-BF4B-00C04F79EFBC}") = "Org.Quickstart.IntegrationTests", "Org.Quickstart.IntegrationTests\Org.Quickstart.IntegrationTests.csproj", "{FC97976B-1F00-49A1-8DCB-28600F5D7698}"
EndProject
Global
	GlobalSection(SolutionConfigurationPlatforms) = preSolution
		Debug|Any CPU = Debug|Any CPU
		Release|Any CPU = Release|Any CPU
	EndGlobalSection
	GlobalSection(ProjectConfigurationPlatforms) = postSolution
		{45A40D92-F80D-46E2-8144-4C313A7352E3}.Debug|Any CPU.ActiveCfg = Debug|Any CPU
		{45A40D92-F80D-46E2-8144-4C313A7352E3}.Debug|Any CPU.Build.0 = Debug|Any CPU
		{45A40D92-F80D-46E2-8144-4C313A7352E3}.Release|Any CPU.ActiveCfg = Release|Any CPU
		{45A40D92-F80D-46E2-8144-4C313A7352E3}.Release|Any CPU.Build.0 = Release|Any CPU
		{FC97976B-1F00-49A1-8DCB-28600F5D7698}.Debug|Any CPU.ActiveCfg = Debug|Any CPU
		{FC97976B-1F00-49A1-8DCB-28600F5D7698}.Debug|Any CPU.Build.0 = Debug|Any CPU
		{FC97976B-1F00-49A1-8DCB-28600F5D7698}.Release|Any CPU.ActiveCfg = Release|Any CPU
		{FC97976B-1F00-49A1-8DCB-28600F5D7698}.Release|Any CPU.Build.0 = Release|Any CPU
	EndGlobalSection
	GlobalSection(SolutionProperties) = preSolution
		HideSolutionNode = FALSE
	EndGlobalSection
	GlobalSection(ExtensibilityGlobals) = postSolution
		SolutionGuid = {1C5822C3-82C1-4257-9927-E622D1D50360}
	EndGlobalSection
	GlobalSection(NestedProjects) = preSolution
		{FC97976B-1F00-49A1-8DCB-28600F5D7698} = {B1D00F15-0030-4E03-B23C-D980D30E8E1D}
	EndGlobalSection
EndGlobal
